
Microsoft Visual Studio Solution File, Format Version 12.00
# Visual Studio 15
VisualStudioVersion = 15.0.27703.2035
MinimumVisualStudioVersion = 10.0.40219.1
Project("{FAE04EC0-301F-11D3-BF4B-00C04F79EFBC}") = "BackgroundHost", "BackgroundHost\BackgroundHost.csproj", "{8DF602E7-D535-4342-A07E-A260C04CE015}"
EndProject
Global
	GlobalSection(SolutionConfigurationPlatforms) = preSolution
		Debug|Any CPU = Debug|Any CPU
		Release|Any CPU = Release|Any CPU
	EndGlobalSection
	GlobalSection(ProjectConfigurationPlatforms) = postSolution
		{8DF602E7-D535-4342-A07E-A260C04CE015}.Debug|Any CPU.ActiveCfg = Debug|Any CPU
		{8DF602E7-D535-4342-A07E-A260C04CE015}.Debug|Any CPU.Build.0 = Debug|Any CPU
		{8DF602E7-D535-4342-A07E-A260C04CE015}.Release|Any CPU.ActiveCfg = Release|Any CPU
		{8DF602E7-D535-4342-A07E-A260C04CE015}.Release|Any CPU.Build.0 = Release|Any CPU
	EndGlobalSection
	GlobalSection(SolutionProperties) = preSolution
		HideSolutionNode = FALSE
	EndGlobalSection
	GlobalSection(ExtensibilityGlobals) = postSolution
		SolutionGuid = {A22474AE-41B8-4AAA-8915-C025AAD2063D}
	EndGlobalSection
EndGlobal
